schema: '2.0'
stages:
  download:
    cmd: python source/download.py
    params:
      params/params.yaml:
        download.n_locs: 3
        download.seed: 2
        download.year: 2022
    outs:
    - path: data/
      hash: md5
      md5: 4135a146b23d7bf260d2d28ae36d98ed.dir
      size: 24907029
      nfiles: 4
  prepare:
    cmd: python source/prepare.py
    deps:
    - path: data/
      hash: md5
      md5: 4135a146b23d7bf260d2d28ae36d98ed.dir
      size: 24907029
      nfiles: 4
    outs:
    - path: outputs/daily_fields_list.txt
      hash: md5
      md5: 2d860d15de5e504c112336693cc93aef
      size: 150
    - path: outputs/prepare_output.csv
      hash: md5
      md5: f08e496531f56e870dc00964011279e0
      size: 1639
  process:
    cmd: python source/process.py
    deps:
    - path: data/
      hash: md5
      md5: 4135a146b23d7bf260d2d28ae36d98ed.dir
      size: 24907029
      nfiles: 4
    - path: outputs/daily_fields_list.txt
      hash: md5
      md5: 2d860d15de5e504c112336693cc93aef
      size: 150
    outs:
    - path: outputs/process_output.csv
      hash: md5
      md5: 7c840e372447445d57b7e63c2c267b50
      size: 3387
  evaluate:
    cmd: python source/evaluate.py
    deps:
    - path: outputs/prepare_output.csv
      hash: md5
      md5: f08e496531f56e870dc00964011279e0
      size: 1639
    - path: outputs/process_output.csv
      hash: md5
      md5: 7c840e372447445d57b7e63c2c267b50
      size: 3387
    outs:
    - path: outputs/evaluate_output.csv
      hash: md5
      md5: 0cd8fa2725789387ed965b2e41c02f05
      size: 424
